
Microsoft Visual Studio Solution File, Format Version 12.00
# Visual Studio Version 17
VisualStudioVersion = 17.0.31903.59
MinimumVisualStudioVersion = 10.0.40219.1
Project("{2150E333-8FDC-42A3-9474-1A3956D46DE8}") = "src", "src", "{827E0CD3-B72D-47B6-A68D-7590B98EB39B}"
EndProject
Project("{FAE04EC0-301F-11D3-BF4B-00C04F79EFBC}") = "CodeBrain.Core", "src\CodeBrain.Core\CodeBrain.Core.csproj", "{00E13D67-CA7F-4233-B9EF-0A8FE534DFC5}"
EndProject
Project("{FAE04EC0-301F-11D3-BF4B-00C04F79EFBC}") = "CodeBrain.Analysis.CSharp", "src\CodeBrain.Analysis.CSharp\CodeBrain.Analysis.CSharp.csproj", "{AA80281A-296D-4DA1-9A4C-CEFC0F7AE435}"
EndProject
Project("{FAE04EC0-301F-11D3-BF4B-00C04F79EFBC}") = "CodeBrain.Execution", "src\CodeBrain.Execution\CodeBrain.Execution.csproj", "{78694E52-1DCA-4BFC-A5B1-1C218D52871C}"
EndProject
Project("{FAE04EC0-301F-11D3-BF4B-00C04F79EFBC}") = "CodeBrain.Storage", "src\CodeBrain.Storage\CodeBrain.Storage.csproj", "{D5296A2E-F5F1-4497-83FB-AC5EF9BF0AC9}"
EndProject
Project("{FAE04EC0-301F-11D3-BF4B-00C04F79EFBC}") = "CodeBrain.Workflows", "src\CodeBrain.Workflows\CodeBrain.Workflows.csproj", "{1B282640-A1F0-4EBD-ADFF-D9F02AB61AF0}"
EndProject
Project("{FAE04EC0-301F-11D3-BF4B-00C04F79EFBC}") = "CodeBrain.Cli", "src\CodeBrain.Cli\CodeBrain.Cli.csproj", "{705646E8-EA7D-4A9E-B925-0E8119F58F4B}"
EndProject
Project("{FAE04EC0-301F-11D3-BF4B-00C04F79EFBC}") = "CodeBrain.Tests", "tests\CodeBrain.Tests\CodeBrain.Tests.csproj", "{95482222-ED58-4E48-A967-D96B5F60BA82}"
EndProject
Project("{FAE04EC0-301F-11D3-BF4B-00C04F79EFBC}") = "CodeBrain.Api", "src\CodeBrain.Api\CodeBrain.Api.csproj", "{0416AFE1-0E7C-46F7-84B5-DC1B28E3E7E7}"
EndProject
Project("{FAE04EC0-301F-11D3-BF4B-00C04F79EFBC}") = "CodeBrain.Analysis.Text", "src\CodeBrain.Analysis.Text\CodeBrain.Analysis.Text.csproj", "{140DA5A4-8A4B-4559-9C62-91B04DB39A18}"
EndProject
Global
	GlobalSection(SolutionConfigurationPlatforms) = preSolution
		Debug|Any CPU = Debug|Any CPU
		Debug|x64 = Debug|x64
		Debug|x86 = Debug|x86
		Release|Any CPU = Release|Any CPU
		Release|x64 = Release|x64
		Release|x86 = Release|x86
	EndGlobalSection
	GlobalSection(ProjectConfigurationPlatforms) = postSolution
		{00E13D67-CA7F-4233-B9EF-0A8FE534DFC5}.Debug|Any CPU.ActiveCfg = Debug|Any CPU
		{00E13D67-CA7F-4233-B9EF-0A8FE534DFC5}.Debug|Any CPU.Build.0 = Debug|Any CPU
		{00E13D67-CA7F-4233-B9EF-0A8FE534DFC5}.Debug|x64.ActiveCfg = Debug|Any CPU
		{00E13D67-CA7F-4233-B9EF-0A8FE534DFC5}.Debug|x64.Build.0 = Debug|Any CPU
		{00E13D67-CA7F-4233-B9EF-0A8FE534DFC5}.Debug|x86.ActiveCfg = Debug|Any CPU
		{00E13D67-CA7F-4233-B9EF-0A8FE534DFC5}.Debug|x86.Build.0 = Debug|Any CPU
		{00E13D67-CA7F-4233-B9EF-0A8FE534DFC5}.Release|Any CPU.ActiveCfg = Release|Any CPU
		{00E13D67-CA7F-4233-B9EF-0A8FE534DFC5}.Release|Any CPU.Build.0 = Release|Any CPU
		{00E13D67-CA7F-4233-B9EF-0A8FE534DFC5}.Release|x64.ActiveCfg = Release|Any CPU
		{00E13D67-CA7F-4233-B9EF-0A8FE534DFC5}.Release|x64.Build.0 = Release|Any CPU
		{00E13D67-CA7F-4233-B9EF-0A8FE534DFC5}.Release|x86.ActiveCfg = Release|Any CPU
		{00E13D67-CA7F-4233-B9EF-0A8FE534DFC5}.Release|x86.Build.0 = Release|Any CPU
		{AA80281A-296D-4DA1-9A4C-CEFC0F7AE435}.Debug|Any CPU.ActiveCfg = Debug|Any CPU
		{AA80281A-296D-4DA1-9A4C-CEFC0F7AE435}.Debug|Any CPU.Build.0 = Debug|Any CPU
		{AA80281A-296D-4DA1-9A4C-CEFC0F7AE435}.Debug|x64.ActiveCfg = Debug|Any CPU
		{AA80281A-296D-4DA1-9A4C-CEFC0F7AE435}.Debug|x64.Build.0 = Debug|Any CPU
		{AA80281A-296D-4DA1-9A4C-CEFC0F7AE435}.Debug|x86.ActiveCfg = Debug|Any CPU
		{AA80281A-296D-4DA1-9A4C-CEFC0F7AE435}.Debug|x86.Build.0 = Debug|Any CPU
		{AA80281A-296D-4DA1-9A4C-CEFC0F7AE435}.Release|Any CPU.ActiveCfg = Release|Any CPU
		{AA80281A-296D-4DA1-9A4C-CEFC0F7AE435}.Release|Any CPU.Build.0 = Release|Any CPU
		{AA80281A-296D-4DA1-9A4C-CEFC0F7AE435}.Release|x64.ActiveCfg = Release|Any CPU
		{AA80281A-296D-4DA1-9A4C-CEFC0F7AE435}.Release|x64.Build.0 = Release|Any CPU
		{AA80281A-296D-4DA1-9A4C-CEFC0F7AE435}.Release|x86.ActiveCfg = Release|Any CPU
		{AA80281A-296D-4DA1-9A4C-CEFC0F7AE435}.Release|x86.Build.0 = Release|Any CPU
		{78694E52-1DCA-4BFC-A5B1-1C218D52871C}.Debug|Any CPU.ActiveCfg = Debug|Any CPU
		{78694E52-1DCA-4BFC-A5B1-1C218D52871C}.Debug|Any CPU.Build.0 = Debug|Any CPU
		{78694E52-1DCA-4BFC-A5B1-1C218D52871C}.Debug|x64.ActiveCfg = Debug|Any CPU
		{78694E52-1DCA-4BFC-A5B1-1C218D52871C}.Debug|x64.Build.0 = Debug|Any CPU
		{78694E52-1DCA-4BFC-A5B1-1C218D52871C}.Debug|x86.ActiveCfg = Debug|Any CPU
		{78694E52-1DCA-4BFC-A5B1-1C218D52871C}.Debug|x86.Build.0 = Debug|Any CPU
		{78694E52-1DCA-4BFC-A5B1-1C218D52871C}.Release|Any CPU.ActiveCfg = Release|Any CPU
		{78694E52-1DCA-4BFC-A5B1-1C218D52871C}.Release|Any CPU.Build.0 = Release|Any CPU
		{78694E52-1DCA-4BFC-A5B1-1C218D52871C}.Release|x64.ActiveCfg = Release|Any CPU
		{78694E52-1DCA-4BFC-A5B1-1C218D52871C}.Release|x64.Build.0 = Release|Any CPU
		{78694E52-1DCA-4BFC-A5B1-1C218D52871C}.Release|x86.ActiveCfg = Release|Any CPU
		{78694E52-1DCA-4BFC-A5B1-1C218D52871C}.Release|x86.Build.0 = Release|Any CPU
		{D5296A2E-F5F1-4497-83FB-AC5EF9BF0AC9}.Debug|Any CPU.ActiveCfg = Debug|Any CPU
		{D5296A2E-F5F1-4497-83FB-AC5EF9BF0AC9}.Debug|Any CPU.Build.0 = Debug|Any CPU
		{D5296A2E-F5F1-4497-83FB-AC5EF9BF0AC9}.Debug|x64.ActiveCfg = Debug|Any CPU
		{D5296A2E-F5F1-4497-83FB-AC5EF9BF0AC9}.Debug|x64.Build.0 = Debug|Any CPU
		{D5296A2E-F5F1-4497-83FB-AC5EF9BF0AC9}.Debug|x86.ActiveCfg = Debug|Any CPU
		{D5296A2E-F5F1-4497-83FB-AC5EF9BF0AC9}.Debug|x86.Build.0 = Debug|Any CPU
		{D5296A2E-F5F1-4497-83FB-AC5EF9BF0AC9}.Release|Any CPU.ActiveCfg = Release|Any CPU
		{D5296A2E-F5F1-4497-83FB-AC5EF9BF0AC9}.Release|Any CPU.Build.0 = Release|Any CPU
		{D5296A2E-F5F1-4497-83FB-AC5EF9BF0AC9}.Release|x64.ActiveCfg = Release|Any CPU
		{D5296A2E-F5F1-4497-83FB-AC5EF9BF0AC9}.Release|x64.Build.0 = Release|Any CPU
		{D5296A2E-F5F1-4497-83FB-AC5EF9BF0AC9}.Release|x86.ActiveCfg = Release|Any CPU
		{D5296A2E-F5F1-4497-83FB-AC5EF9BF0AC9}.Release|x86.Build.0 = Release|Any CPU
		{1B282640-A1F0-4EBD-ADFF-D9F02AB61AF0}.Debug|Any CPU.ActiveCfg = Debug|Any CPU
		{1B282640-A1F0-4EBD-ADFF-D9F02AB61AF0}.Debug|Any CPU.Build.0 = Debug|Any CPU
		{1B282640-A1F0-4EBD-ADFF-D9F02AB61AF0}.Debug|x64.ActiveCfg = Debug|Any CPU
		{1B282640-A1F0-4EBD-ADFF-D9F02AB61AF0}.Debug|x64.Build.0 = Debug|Any CPU
		{1B282640-A1F0-4EBD-ADFF-D9F02AB61AF0}.Debug|x86.ActiveCfg = Debug|Any CPU
		{1B282640-A1F0-4EBD-ADFF-D9F02AB61AF0}.Debug|x86.Build.0 = Debug|Any CPU
		{1B282640-A1F0-4EBD-ADFF-D9F02AB61AF0}.Release|Any CPU.ActiveCfg = Release|Any CPU
		{1B282640-A1F0-4EBD-ADFF-D9F02AB61AF0}.Release|Any CPU.Build.0 = Release|Any CPU
		{1B282640-A1F0-4EBD-ADFF-D9F02AB61AF0}.Release|x64.ActiveCfg = Release|Any CPU
		{1B282640-A1F0-4EBD-ADFF-D9F02AB61AF0}.Release|x64.Build.0 = Release|Any CPU
		{1B282640-A1F0-4EBD-ADFF-D9F02AB61AF0}.Release|x86.ActiveCfg = Release|Any CPU
		{1B282640-A1F0-4EBD-ADFF-D9F02AB61AF0}.Release|x86.Build.0 = Release|Any CPU
		{705646E8-EA7D-4A9E-B925-0E8119F58F4B}.Debug|Any CPU.ActiveCfg = Debug|Any CPU
		{705646E8-EA7D-4A9E-B925-0E8119F58F4B}.Debug|Any CPU.Build.0 = Debug|Any CPU
		{705646E8-EA7D-4A9E-B925-0E8119F58F4B}.Debug|x64.ActiveCfg = Debug|Any CPU
		{705646E8-EA7D-4A9E-B925-0E8119F58F4B}.Debug|x64.Build.0 = Debug|Any CPU
		{705646E8-EA7D-4A9E-B925-0E8119F58F4B}.Debug|x86.ActiveCfg = Debug|Any CPU
		{705646E8-EA7D-4A9E-B925-0E8119F58F4B}.Debug|x86.Build.0 = Debug|Any CPU
		{705646E8-EA7D-4A9E-B925-0E8119F58F4B}.Release|Any CPU.ActiveCfg = Release|Any CPU
		{705646E8-EA7D-4A9E-B925-0E8119F58F4B}.Release|Any CPU.Build.0 = Release|Any CPU
		{705646E8-EA7D-4A9E-B925-0E8119F58F4B}.Release|x64.ActiveCfg = Release|Any CPU
		{705646E8-EA7D-4A9E-B925-0E8119F58F4B}.Release|x64.Build.0 = Release|Any CPU
		{705646E8-EA7D-4A9E-B925-0E8119F58F4B}.Release|x86.ActiveCfg = Release|Any CPU
		{705646E8-EA7D-4A9E-B925-0E8119F58F4B}.Release|x86.Build.0 = Release|Any CPU
		{95482222-ED58-4E48-A967-D96B5F60BA82}.Debug|Any CPU.ActiveCfg = Debug|Any CPU
		{95482222-ED58-4E48-A967-D96B5F60BA82}.Debug|Any CPU.Build.0 = Debug|Any CPU
		{95482222-ED58-4E48-A967-D96B5F60BA82}.Debug|x64.ActiveCfg = Debug|Any CPU
		{95482222-ED58-4E48-A967-D96B5F60BA82}.Debug|x64.Build.0 = Debug|Any CPU
		{95482222-ED58-4E48-A967-D96B5F60BA82}.Debug|x86.ActiveCfg = Debug|Any CPU
		{95482222-ED58-4E48-A967-D96B5F60BA82}.Debug|x86.Build.0 = Debug|Any CPU
		{95482222-ED58-4E48-A967-D96B5F60BA82}.Release|Any CPU.ActiveCfg = Release|Any CPU
		{95482222-ED58-4E48-A967-D96B5F60BA82}.Release|Any CPU.Build.0 = Release|Any CPU
		{95482222-ED58-4E48-A967-D96B5F60BA82}.Release|x64.ActiveCfg = Release|Any CPU
		{95482222-ED58-4E48-A967-D96B5F60BA82}.Release|x64.Build.0 = Release|Any CPU
		{95482222-ED58-4E48-A967-D96B5F60BA82}.Release|x86.ActiveCfg = Release|Any CPU
		{95482222-ED58-4E48-A967-D96B5F60BA82}.Release|x86.Build.0 = Release|Any CPU
		{0416AFE1-0E7C-46F7-84B5-DC1B28E3E7E7}.Debug|Any CPU.ActiveCfg = Debug|Any CPU
		{0416AFE1-0E7C-46F7-84B5-DC1B28E3E7E7}.Debug|Any CPU.Build.0 = Debug|Any CPU
		{0416AFE1-0E7C-46F7-84B5-DC1B28E3E7E7}.Debug|x64.ActiveCfg = Debug|Any CPU
		{0416AFE1-0E7C-46F7-84B5-DC1B28E3E7E7}.Debug|x64.Build.0 = Debug|Any CPU
		{0416AFE1-0E7C-46F7-84B5-DC1B28E3E7E7}.Debug|x86.ActiveCfg = Debug|Any CPU
		{0416AFE1-0E7C-46F7-84B5-DC1B28E3E7E7}.Debug|x86.Build.0 = Debug|Any CPU
		{0416AFE1-0E7C-46F7-84B5-DC1B28E3E7E7}.Release|Any CPU.ActiveCfg = Release|Any CPU
		{0416AFE1-0E7C-46F7-84B5-DC1B28E3E7E7}.Release|Any CPU.Build.0 = Release|Any CPU
		{0416AFE1-0E7C-46F7-84B5-DC1B28E3E7E7}.Release|x64.ActiveCfg = Release|Any CPU
		{0416AFE1-0E7C-46F7-84B5-DC1B28E3E7E7}.Release|x64.Build.0 = Release|Any CPU
		{0416AFE1-0E7C-46F7-84B5-DC1B28E3E7E7}.Release|x86.ActiveCfg = Release|Any CPU
		{0416AFE1-0E7C-46F7-84B5-DC1B28E3E7E7}.Release|x86.Build.0 = Release|Any CPU
		{140DA5A4-8A4B-4559-9C62-91B04DB39A18}.Debug|Any CPU.ActiveCfg = Debug|Any CPU
		{140DA5A4-8A4B-4559-9C62-91B04DB39A18}.Debug|Any CPU.Build.0 = Debug|Any CPU
		{140DA5A4-8A4B-4559-9C62-91B04DB39A18}.Debug|x64.ActiveCfg = Debug|Any CPU
		{140DA5A4-8A4B-4559-9C62-91B04DB39A18}.Debug|x64.Build.0 = Debug|Any CPU
		{140DA5A4-8A4B-4559-9C62-91B04DB39A18}.Debug|x86.ActiveCfg = Debug|Any CPU
		{140DA5A4-8A4B-4559-9C62-91B04DB39A18}.Debug|x86.Build.0 = Debug|Any CPU
		{140DA5A4-8A4B-4559-9C62-91B04DB39A18}.Release|Any CPU.ActiveCfg = Release|Any CPU
		{140DA5A4-8A4B-4559-9C62-91B04DB39A18}.Release|Any CPU.Build.0 = Release|Any CPU
		{140DA5A4-8A4B-4559-9C62-91B04DB39A18}.Release|x64.ActiveCfg = Release|Any CPU
		{140DA5A4-8A4B-4559-9C62-91B04DB39A18}.Release|x64.Build.0 = Release|Any CPU
		{140DA5A4-8A4B-4559-9C62-91B04DB39A18}.Release|x86.ActiveCfg = Release|Any CPU
		{140DA5A4-8A4B-4559-9C62-91B04DB39A18}.Release|x86.Build.0 = Release|Any CPU
	EndGlobalSection
	GlobalSection(SolutionProperties) = preSolution
		HideSolutionNode = FALSE
	EndGlobalSection
	GlobalSection(NestedProjects) = preSolution
		{00E13D67-CA7F-4233-B9EF-0A8FE534DFC5} = {827E0CD3-B72D-47B6-A68D-7590B98EB39B}
		{AA80281A-296D-4DA1-9A4C-CEFC0F7AE435} = {827E0CD3-B72D-47B6-A68D-7590B98EB39B}
		{78694E52-1DCA-4BFC-A5B1-1C218D52871C} = {827E0CD3-B72D-47B6-A68D-7590B98EB39B}
		{D5296A2E-F5F1-4497-83FB-AC5EF9BF0AC9} = {827E0CD3-B72D-47B6-A68D-7590B98EB39B}
		{1B282640-A1F0-4EBD-ADFF-D9F02AB61AF0} = {827E0CD3-B72D-47B6-A68D-7590B98EB39B}
		{705646E8-EA7D-4A9E-B925-0E8119F58F4B} = {827E0CD3-B72D-47B6-A68D-7590B98EB39B}
		{95482222-ED58-4E48-A967-D96B5F60BA82} = {827E0CD3-B72D-47B6-A68D-7590B98EB39B}
		{0416AFE1-0E7C-46F7-84B5-DC1B28E3E7E7} = {827E0CD3-B72D-47B6-A68D-7590B98EB39B}
		{140DA5A4-8A4B-4559-9C62-91B04DB39A18} = {827E0CD3-B72D-47B6-A68D-7590B98EB39B}
	EndGlobalSection
EndGlobal
